
Microsoft Visual Studio Solution File, Format Version 12.00
# Visual Studio Version 16
VisualStudioVersion = 16.0.31005.135
MinimumVisualStudioVersion = 10.0.40219.1
Project("{FAE04EC0-301F-11D3-BF4B-00C04F79EFBC}") = "ASP.NETCoreMVCChapter5Razor", "ASP.NETCoreMVCChapter5Razor\ASP.NETCoreMVCChapter5Razor.csproj", "{320F35EA-E28D-4AAC-8000-70A66FCC6F4F}"
EndProject
Global
	GlobalSection(SolutionConfigurationPlatforms) = preSolution
		Debug|Any CPU = Debug|Any CPU
		Release|Any CPU = Release|Any CPU
	EndGlobalSection
	GlobalSection(ProjectConfigurationPlatforms) = postSolution
		{320F35EA-E28D-4AAC-8000-70A66FCC6F4F}.Debug|Any CPU.ActiveCfg = Debug|Any CPU
		{320F35EA-E28D-4AAC-8000-70A66FCC6F4F}.Debug|Any CPU.Build.0 = Debug|Any CPU
		{320F35EA-E28D-4AAC-8000-70A66FCC6F4F}.Release|Any CPU.ActiveCfg = Release|Any CPU
		{320F35EA-E28D-4AAC-8000-70A66FCC6F4F}.Release|Any CPU.Build.0 = Release|Any CPU
	EndGlobalSection
	GlobalSection(SolutionProperties) = preSolution
		HideSolutionNode = FALSE
	EndGlobalSection
	GlobalSection(ExtensibilityGlobals) = postSolution
		SolutionGuid = {1FD9BF97-3F46-434C-A4D3-7EBD55C96F14}
	EndGlobalSection
EndGlobal
